
Microsoft Visual Studio Solution File, Format Version 12.00
# Visual Studio Version 17
VisualStudioVersion = 17.9.34607.119
MinimumVisualStudioVersion = 10.0.40219.1
Project("{FAE04EC0-301F-11D3-BF4B-00C04F79EFBC}") = "TournamentManager.DbLib", "TournamentManager.DbLib\TournamentManager.DbLib.csproj", "{1BD24F70-C902-4D95-89F5-8C6B2EE61236}"
EndProject
Project("{FAE04EC0-301F-11D3-BF4B-00C04F79EFBC}") = "TournamentManage.ConsoleApp", "TournamentManage.ConsoleApp\TournamentManage.ConsoleApp.csproj", "{2D851138-4537-4CE1-B777-82FE835054D0}"
EndProject
Global
	GlobalSection(SolutionConfigurationPlatforms) = preSolution
		Debug|Any CPU = Debug|Any CPU
		Release|Any CPU = Release|Any CPU
	EndGlobalSection
	GlobalSection(ProjectConfigurationPlatforms) = postSolution
		{1BD24F70-C902-4D95-89F5-8C6B2EE61236}.Debug|Any CPU.ActiveCfg = Debug|Any CPU
		{1BD24F70-C902-4D95-89F5-8C6B2EE61236}.Debug|Any CPU.Build.0 = Debug|Any CPU
		{1BD24F70-C902-4D95-89F5-8C6B2EE61236}.Release|Any CPU.ActiveCfg = Release|Any CPU
		{1BD24F70-C902-4D95-89F5-8C6B2EE61236}.Release|Any CPU.Build.0 = Release|Any CPU
		{2D851138-4537-4CE1-B777-82FE835054D0}.Debug|Any CPU.ActiveCfg = Debug|Any CPU
		{2D851138-4537-4CE1-B777-82FE835054D0}.Debug|Any CPU.Build.0 = Debug|Any CPU
		{2D851138-4537-4CE1-B777-82FE835054D0}.Release|Any CPU.ActiveCfg = Release|Any CPU
		{2D851138-4537-4CE1-B777-82FE835054D0}.Release|Any CPU.Build.0 = Release|Any CPU
	EndGlobalSection
	GlobalSection(SolutionProperties) = preSolution
		HideSolutionNode = FALSE
	EndGlobalSection
	GlobalSection(ExtensibilityGlobals) = postSolution
		SolutionGuid = {786BC4DC-0893-4761-A002-72F4EBCBDB1E}
	EndGlobalSection
EndGlobal
